// !$*UTF8*$!
{
	archiveVersion = 1;
	classes = {
	};
	objectVersion = 50;
	objects = {

/* Begin PBXBuildFile section */
		733BEAC425C6535D003E70CB /* SwiftUIList.swift in Sources */ = {isa = PBXBuildFile; fileRef = 733BEAC325C6535D003E70CB /* SwiftUIList.swift */; };
		733BEAC525C6535D003E70CB /* SwiftUIList.swift in Sources */ = {isa = PBXBuildFile; fileRef = 733BEAC325C6535D003E70CB /* SwiftUIList.swift */; };
		733BEACF25C65F9E003E70CB /* List1Demo.swift in Sources */ = {isa = PBXBuildFile; fileRef = 733BEACE25C65F9E003E70CB /* List1Demo.swift */; };
		733BEAD025C65F9E003E70CB /* List1Demo.swift in Sources */ = {isa = PBXBuildFile; fileRef = 733BEACE25C65F9E003E70CB /* List1Demo.swift */; };
		737A00D725C050B90049B763 /* Shared.swift in Sources */ = {isa = PBXBuildFile; fileRef = 737A00D625C050B90049B763 /* Shared.swift */; };
		737A00D825C050B90049B763 /* Shared.swift in Sources */ = {isa = PBXBuildFile; fileRef = 737A00D625C050B90049B763 /* Shared.swift */; };
		737BE70525C801ED003B6A3C /* ClickReceiver.swift in Sources */ = {isa = PBXBuildFile; fileRef = 737BE70425C801ED003B6A3C /* ClickReceiver.swift */; };
		737BE70625C801ED003B6A3C /* ClickReceiver.swift in Sources */ = {isa = PBXBuildFile; fileRef = 737BE70425C801ED003B6A3C /* ClickReceiver.swift */; };
		737BE71025C830EB003B6A3C /* IfModifier.swift in Sources */ = {isa = PBXBuildFile; fileRef = 737BE70F25C830EB003B6A3C /* IfModifier.swift */; };
		737BE71125C830EB003B6A3C /* IfModifier.swift in Sources */ = {isa = PBXBuildFile; fileRef = 737BE70F25C830EB003B6A3C /* IfModifier.swift */; };
		737BE71D25C83812003B6A3C /* ClickReceiver_mac.swift in Sources */ = {isa = PBXBuildFile; fileRef = 737BE71C25C83812003B6A3C /* ClickReceiver_mac.swift */; };
		737BE71E25C83812003B6A3C /* ClickReceiver_mac.swift in Sources */ = {isa = PBXBuildFile; fileRef = 737BE71C25C83812003B6A3C /* ClickReceiver_mac.swift */; };
		737BE72225C8392D003B6A3C /* ClickReceiver_iOS.swift in Sources */ = {isa = PBXBuildFile; fileRef = 737BE72125C8392D003B6A3C /* ClickReceiver_iOS.swift */; };
		737BE72325C8392D003B6A3C /* ClickReceiver_iOS.swift in Sources */ = {isa = PBXBuildFile; fileRef = 737BE72125C8392D003B6A3C /* ClickReceiver_iOS.swift */; };
		737BE72925C98034003B6A3C /* ClickModifier.swift in Sources */ = {isa = PBXBuildFile; fileRef = 737BE72825C98034003B6A3C /* ClickModifier.swift */; };
		737BE72A25C98034003B6A3C /* ClickModifier.swift in Sources */ = {isa = PBXBuildFile; fileRef = 737BE72825C98034003B6A3C /* ClickModifier.swift */; };
		73A6BB9625CAD1C600B95F3F /* OnChange.swift in Sources */ = {isa = PBXBuildFile; fileRef = 73A6BB9525CAD1C600B95F3F /* OnChange.swift */; };
		73A6BB9725CAD1C600B95F3F /* OnChange.swift in Sources */ = {isa = PBXBuildFile; fileRef = 73A6BB9525CAD1C600B95F3F /* OnChange.swift */; };
		73AFE77625D17BF0001324AE /* OpenTrigger.swift in Sources */ = {isa = PBXBuildFile; fileRef = 73AFE77025D17BF0001324AE /* OpenTrigger.swift */; };
		73AFE77725D17BF0001324AE /* OpenTrigger.swift in Sources */ = {isa = PBXBuildFile; fileRef = 73AFE77025D17BF0001324AE /* OpenTrigger.swift */; };
		73AFE77C25D17BF0001324AE /* List2.swift in Sources */ = {isa = PBXBuildFile; fileRef = 73AFE77325D17BF0001324AE /* List2.swift */; };
		73AFE77D25D17BF0001324AE /* List2.swift in Sources */ = {isa = PBXBuildFile; fileRef = 73AFE77325D17BF0001324AE /* List2.swift */; };
		73AFE79325D1801F001324AE /* List2Demo.swift in Sources */ = {isa = PBXBuildFile; fileRef = 73AFE79225D1801F001324AE /* List2Demo.swift */; };
		73AFE79425D1801F001324AE /* List2Demo.swift in Sources */ = {isa = PBXBuildFile; fileRef = 73AFE79225D1801F001324AE /* List2Demo.swift */; };
		73C54EB225BBE5A100068F69 /* XPListExampleApp.swift in Sources */ = {isa = PBXBuildFile; fileRef = 73C54E9F25BBE5A100068F69 /* XPListExampleApp.swift */; };
		73C54EB325BBE5A100068F69 /* XPListExampleApp.swift in Sources */ = {isa = PBXBuildFile; fileRef = 73C54E9F25BBE5A100068F69 /* XPListExampleApp.swift */; };
		73C54EDE25BBE6CF00068F69 /* RowBackground.swift in Sources */ = {isa = PBXBuildFile; fileRef = 73C54ED325BBE6CF00068F69 /* RowBackground.swift */; };
		73C54EDF25BBE6CF00068F69 /* RowBackground.swift in Sources */ = {isa = PBXBuildFile; fileRef = 73C54ED325BBE6CF00068F69 /* RowBackground.swift */; };
		73C54EE025BBE6CF00068F69 /* ContextMenu.swift in Sources */ = {isa = PBXBuildFile; fileRef = 73C54ED425BBE6CF00068F69 /* ContextMenu.swift */; };
		73C54EE125BBE6CF00068F69 /* ContextMenu.swift in Sources */ = {isa = PBXBuildFile; fileRef = 73C54ED425BBE6CF00068F69 /* ContextMenu.swift */; };
		73C54EE425BBE6CF00068F69 /* RowSeparator.swift in Sources */ = {isa = PBXBuildFile; fileRef = 73C54ED625BBE6CF00068F69 /* RowSeparator.swift */; };
		73C54EE525BBE6CF00068F69 /* RowSeparator.swift in Sources */ = {isa = PBXBuildFile; fileRef = 73C54ED625BBE6CF00068F69 /* RowSeparator.swift */; };
		73C54EE625BBE6CF00068F69 /* Namespace.swift in Sources */ = {isa = PBXBuildFile; fileRef = 73C54ED725BBE6CF00068F69 /* Namespace.swift */; };
		73C54EE725BBE6CF00068F69 /* Namespace.swift in Sources */ = {isa = PBXBuildFile; fileRef = 73C54ED725BBE6CF00068F69 /* Namespace.swift */; };
		73C54EE825BBE6CF00068F69 /* List1.swift in Sources */ = {isa = PBXBuildFile; fileRef = 73C54ED825BBE6CF00068F69 /* List1.swift */; };
		73C54EE925BBE6CF00068F69 /* List1.swift in Sources */ = {isa = PBXBuildFile; fileRef = 73C54ED825BBE6CF00068F69 /* List1.swift */; };
		73C54EEA25BBE6CF00068F69 /* Accessory.swift in Sources */ = {isa = PBXBuildFile; fileRef = 73C54ED925BBE6CF00068F69 /* Accessory.swift */; };
		73C54EEB25BBE6CF00068F69 /* Accessory.swift in Sources */ = {isa = PBXBuildFile; fileRef = 73C54ED925BBE6CF00068F69 /* Accessory.swift */; };
		73C54EEC25BBE6CF00068F69 /* EditMode.swift in Sources */ = {isa = PBXBuildFile; fileRef = 73C54EDA25BBE6CF00068F69 /* EditMode.swift */; };
		73C54EED25BBE6CF00068F69 /* EditMode.swift in Sources */ = {isa = PBXBuildFile; fileRef = 73C54EDA25BBE6CF00068F69 /* EditMode.swift */; };
		73C54EF225BBE6CF00068F69 /* Configuration.swift in Sources */ = {isa = PBXBuildFile; fileRef = 73C54EDD25BBE6CF00068F69 /* Configuration.swift */; };
		73C54EF325BBE6CF00068F69 /* Configuration.swift in Sources */ = {isa = PBXBuildFile; fileRef = 73C54EDD25BBE6CF00068F69 /* Configuration.swift */; };
		73E4ED5225BC26B600409486 /* ForegroundColor.swift in Sources */ = {isa = PBXBuildFile; fileRef = 73E4ED5125BC26B600409486 /* ForegroundColor.swift */; };
		73E4ED5325BC26B600409486 /* ForegroundColor.swift in Sources */ = {isa = PBXBuildFile; fileRef = 73E4ED5125BC26B600409486 /* ForegroundColor.swift */; };
/* End PBXBuildFile section */

/* Begin PBXFileReference section */
		733BEAC325C6535D003E70CB /* SwiftUIList.swift */ = {isa = PBXFileReference; lastKnownFileType = sourcecode.swift; path = SwiftUIList.swift; sourceTree = "<group>"; };
		733BEACE25C65F9E003E70CB /* List1Demo.swift */ = {isa = PBXFileReference; lastKnownFileType = sourcecode.swift; path = List1Demo.swift; sourceTree = "<group>"; };
		737A00CE25BF03410049B763 /* README.md */ = {isa = PBXFileReference; lastKnownFileType = net.daringfireball.markdown; name = README.md; path = ../../../README.md; sourceTree = "<group>"; };
		737A00D625C050B90049B763 /* Shared.swift */ = {isa = PBXFileReference; lastKnownFileType = sourcecode.swift; path = Shared.swift; sourceTree = "<group>"; };
		737BE70425C801ED003B6A3C /* ClickReceiver.swift */ = {isa = PBXFileReference; lastKnownFileType = sourcecode.swift; path = ClickReceiver.swift; sourceTree = "<group>"; };
		737BE70F25C830EB003B6A3C /* IfModifier.swift */ = {isa = PBXFileReference; lastKnownFileType = sourcecode.swift; path = IfModifier.swift; sourceTree = "<group>"; };
		737BE71C25C83812003B6A3C /* ClickReceiver_mac.swift */ = {isa = PBXFileReference; lastKnownFileType = sourcecode.swift; path = ClickReceiver_mac.swift; sourceTree = "<group>"; };
		737BE72125C8392D003B6A3C /* ClickReceiver_iOS.swift */ = {isa = PBXFileReference; lastKnownFileType = sourcecode.swift; path = ClickReceiver_iOS.swift; sourceTree = "<group>"; };
		737BE72825C98034003B6A3C /* ClickModifier.swift */ = {isa = PBXFileReference; lastKnownFileType = sourcecode.swift; path = ClickModifier.swift; sourceTree = "<group>"; };
		73A6BB9525CAD1C600B95F3F /* OnChange.swift */ = {isa = PBXFileReference; lastKnownFileType = sourcecode.swift; path = OnChange.swift; sourceTree = "<group>"; };
		73AFE77025D17BF0001324AE /* OpenTrigger.swift */ = {isa = PBXFileReference; fileEncoding = 4; lastKnownFileType = sourcecode.swift; path = OpenTrigger.swift; sourceTree = "<group>"; };
		73AFE77325D17BF0001324AE /* List2.swift */ = {isa = PBXFileReference; fileEncoding = 4; lastKnownFileType = sourcecode.swift; path = List2.swift; sourceTree = "<group>"; };
		73AFE79225D1801F001324AE /* List2Demo.swift */ = {isa = PBXFileReference; lastKnownFileType = sourcecode.swift; path = List2Demo.swift; sourceTree = "<group>"; };
		73C54E9F25BBE5A100068F69 /* XPListExampleApp.swift */ = {isa = PBXFileReference; lastKnownFileType = sourcecode.swift; path = XPListExampleApp.swift; sourceTree = "<group>"; };
		73C54EA625BBE5A100068F69 /* XPListExample.app */ = {isa = PBXFileReference; explicitFileType = wrapper.application; includeInIndex = 0; path = XPListExample.app; sourceTree = BUILT_PRODUCTS_DIR; };
		73C54EA925BBE5A100068F69 /* Info.plist */ = {isa = PBXFileReference; lastKnownFileType = text.plist.xml; path = Info.plist; sourceTree = "<group>"; };
		73C54EAE25BBE5A100068F69 /* XPListExample.app */ = {isa = PBXFileReference; explicitFileType = wrapper.application; includeInIndex = 0; path = XPListExample.app; sourceTree = BUILT_PRODUCTS_DIR; };
		73C54EB025BBE5A100068F69 /* Info.plist */ = {isa = PBXFileReference; lastKnownFileType = text.plist.xml; path = Info.plist; sourceTree = "<group>"; };
		73C54EB125BBE5A100068F69 /* macOS.entitlements */ = {isa = PBXFileReference; lastKnownFileType = text.plist.entitlements; path = macOS.entitlements; sourceTree = "<group>"; };
		73C54ED325BBE6CF00068F69 /* RowBackground.swift */ = {isa = PBXFileReference; fileEncoding = 4; lastKnownFileType = sourcecode.swift; path = RowBackground.swift; sourceTree = "<group>"; };
		73C54ED425BBE6CF00068F69 /* ContextMenu.swift */ = {isa = PBXFileReference; fileEncoding = 4; lastKnownFileType = sourcecode.swift; path = ContextMenu.swift; sourceTree = "<group>"; };
		73C54ED625BBE6CF00068F69 /* RowSeparator.swift */ = {isa = PBXFileReference; fileEncoding = 4; lastKnownFileType = sourcecode.swift; path = RowSeparator.swift; sourceTree = "<group>"; };
		73C54ED725BBE6CF00068F69 /* Namespace.swift */ = {isa = PBXFileReference; fileEncoding = 4; lastKnownFileType = sourcecode.swift; path = Namespace.swift; sourceTree = "<group>"; };
		73C54ED825BBE6CF00068F69 /* List1.swift */ = {isa = PBXFileReference; fileEncoding = 4; lastKnownFileType = sourcecode.swift; path = List1.swift; sourceTree = "<group>"; };
		73C54ED925BBE6CF00068F69 /* Accessory.swift */ = {isa = PBXFileReference; fileEncoding = 4; lastKnownFileType = sourcecode.swift; path = Accessory.swift; sourceTree = "<group>"; };
		73C54EDA25BBE6CF00068F69 /* EditMode.swift */ = {isa = PBXFileReference; fileEncoding = 4; lastKnownFileType = sourcecode.swift; path = EditMode.swift; sourceTree = "<group>"; };
		73C54EDD25BBE6CF00068F69 /* Configuration.swift */ = {isa = PBXFileReference; fileEncoding = 4; lastKnownFileType = sourcecode.swift; path = Configuration.swift; sourceTree = "<group>"; };
		73E4ED5125BC26B600409486 /* ForegroundColor.swift */ = {isa = PBXFileReference; lastKnownFileType = sourcecode.swift; path = ForegroundColor.swift; sourceTree = "<group>"; };
/* End PBXFileReference section */

/* Begin PBXFrameworksBuildPhase section */
		73C54EA325BBE5A100068F69 /* Frameworks */ = {
			isa = PBXFrameworksBuildPhase;
			buildActionMask = 2147483647;
			files = (
			);
			runOnlyForDeploymentPostprocessing = 0;
		};
		73C54EAB25BBE5A100068F69 /* Frameworks */ = {
			isa = PBXFrameworksBuildPhase;
			buildActionMask = 2147483647;
			files = (
			);
			runOnlyForDeploymentPostprocessing = 0;
		};
/* End PBXFrameworksBuildPhase section */

/* Begin PBXGroup section */
		73AFE76225D178EF001324AE /* Shared */ = {
			isa = PBXGroup;
			children = (
				73C54ED425BBE6CF00068F69 /* ContextMenu.swift */,
				73C54ED725BBE6CF00068F69 /* Namespace.swift */,
				73C54EDD25BBE6CF00068F69 /* Configuration.swift */,
				737BE70425C801ED003B6A3C /* ClickReceiver.swift */,
				737BE71C25C83812003B6A3C /* ClickReceiver_mac.swift */,
				737BE72125C8392D003B6A3C /* ClickReceiver_iOS.swift */,
				73C54EDA25BBE6CF00068F69 /* EditMode.swift */,
				737BE70F25C830EB003B6A3C /* IfModifier.swift */,
				73A6BB9525CAD1C600B95F3F /* OnChange.swift */,
			);
			path = Shared;
			sourceTree = "<group>";
		};
		73AFE76925D17B4A001324AE /* List1 */ = {
			isa = PBXGroup;
			children = (
				73C54ED325BBE6CF00068F69 /* RowBackground.swift */,
				73E4ED5125BC26B600409486 /* ForegroundColor.swift */,
				73C54ED625BBE6CF00068F69 /* RowSeparator.swift */,
				73C54ED825BBE6CF00068F69 /* List1.swift */,
				73C54ED925BBE6CF00068F69 /* Accessory.swift */,
				737BE72825C98034003B6A3C /* ClickModifier.swift */,
			);
			path = List1;
			sourceTree = "<group>";
		};
		73AFE76C25D17B6C001324AE /* List2 */ = {
			isa = PBXGroup;
			children = (
				73AFE77325D17BF0001324AE /* List2.swift */,
				73AFE77025D17BF0001324AE /* OpenTrigger.swift */,
			);
			path = List2;
			sourceTree = "<group>";
		};
		73C54E9925BBE5A100068F69 = {
			isa = PBXGroup;
			children = (
				73C54E9E25BBE5A100068F69 /* Shared */,
				73C54EA825BBE5A100068F69 /* iOS */,
				73C54EAF25BBE5A100068F69 /* macOS */,
				73C54EA725BBE5A100068F69 /* Products */,
			);
			sourceTree = "<group>";
		};
		73C54E9E25BBE5A100068F69 /* Shared */ = {
			isa = PBXGroup;
			children = (
				737A00CE25BF03410049B763 /* README.md */,
				73C54E9F25BBE5A100068F69 /* XPListExampleApp.swift */,
				733BEAC325C6535D003E70CB /* SwiftUIList.swift */,
				733BEACE25C65F9E003E70CB /* List1Demo.swift */,
				73AFE79225D1801F001324AE /* List2Demo.swift */,
				737A00D625C050B90049B763 /* Shared.swift */,
				73C54ED225BBE6CF00068F69 /* XPList */,
			);
			path = Shared;
			sourceTree = "<group>";
		};
		73C54EA725BBE5A100068F69 /* Products */ = {
			isa = PBXGroup;
			children = (
				73C54EA625BBE5A100068F69 /* XPListExample.app */,
				73C54EAE25BBE5A100068F69 /* XPListExample.app */,
			);
			name = Products;
			sourceTree = "<group>";
		};
		73C54EA825BBE5A100068F69 /* iOS */ = {
			isa = PBXGroup;
			children = (
				73C54EA925BBE5A100068F69 /* Info.plist */,
			);
			path = iOS;
			sourceTree = "<group>";
		};
		73C54EAF25BBE5A100068F69 /* macOS */ = {
			isa = PBXGroup;
			children = (
				73C54EB025BBE5A100068F69 /* Info.plist */,
				73C54EB125BBE5A100068F69 /* macOS.entitlements */,
			);
			path = macOS;
			sourceTree = "<group>";
		};
		73C54ED225BBE6CF00068F69 /* XPList */ = {
			isa = PBXGroup;
			children = (
				73AFE76C25D17B6C001324AE /* List2 */,
				73AFE76925D17B4A001324AE /* List1 */,
				73AFE76225D178EF001324AE /* Shared */,
			);
			name = XPList;
			path = ../../../Sources/XPList;
			sourceTree = "<group>";
		};
/* End PBXGroup section */

/* Begin PBXNativeTarget section */
		73C54EA525BBE5A100068F69 /* XPListExample (iOS) */ = {
			isa = PBXNativeTarget;
			buildConfigurationList = 73C54EBA25BBE5A100068F69 /* Build configuration list for PBXNativeTarget "XPListExample (iOS)" */;
			buildPhases = (
				73C54EA225BBE5A100068F69 /* Sources */,
				73C54EA325BBE5A100068F69 /* Frameworks */,
				73C54EA425BBE5A100068F69 /* Resources */,
			);
			buildRules = (
			);
			dependencies = (
			);
			name = "XPListExample (iOS)";
			productName = "XPListExample (iOS)";
			productReference = 73C54EA625BBE5A100068F69 /* XPListExample.app */;
			productType = "com.apple.product-type.application";
		};
		73C54EAD25BBE5A100068F69 /* XPListExample (macOS) */ = {
			isa = PBXNativeTarget;
			buildConfigurationList = 73C54EBD25BBE5A100068F69 /* Build configuration list for PBXNativeTarget "XPListExample (macOS)" */;
			buildPhases = (
				73C54EAA25BBE5A100068F69 /* Sources */,
				73C54EAB25BBE5A100068F69 /* Frameworks */,
				73C54EAC25BBE5A100068F69 /* Resources */,
			);
			buildRules = (
			);
			dependencies = (
			);
			name = "XPListExample (macOS)";
			productName = "XPListExample (macOS)";
			productReference = 73C54EAE25BBE5A100068F69 /* XPListExample.app */;
			productType = "com.apple.product-type.application";
		};
/* End PBXNativeTarget section */

/* Begin PBXProject section */
		73C54E9A25BBE5A100068F69 /* Project object */ = {
			isa = PBXProject;
			attributes = {
				LastSwiftUpdateCheck = 1220;
				LastUpgradeCheck = 1220;
				TargetAttributes = {
					73C54EA525BBE5A100068F69 = {
						CreatedOnToolsVersion = 12.2;
					};
					73C54EAD25BBE5A100068F69 = {
						CreatedOnToolsVersion = 12.2;
					};
				};
			};
			buildConfigurationList = 73C54E9D25BBE5A100068F69 /* Build configuration list for PBXProject "XPListExample" */;
			compatibilityVersion = "Xcode 9.3";
			developmentRegion = en;
			hasScannedForEncodings = 0;
			knownRegions = (
				en,
				Base,
			);
			mainGroup = 73C54E9925BBE5A100068F69;
			productRefGroup = 73C54EA725BBE5A100068F69 /* Products */;
			projectDirPath = "";
			projectRoot = "";
			targets = (
				73C54EA525BBE5A100068F69 /* XPListExample (iOS) */,
				73C54EAD25BBE5A100068F69 /* XPListExample (macOS) */,
			);
		};
/* End PBXProject section */

/* Begin PBXResourcesBuildPhase section */
		73C54EA425BBE5A100068F69 /* Resources */ = {
			isa = PBXResourcesBuildPhase;
			buildActionMask = 2147483647;
			files = (
			);
			runOnlyForDeploymentPostprocessing = 0;
		};
		73C54EAC25BBE5A100068F69 /* Resources */ = {
			isa = PBXResourcesBuildPhase;
			buildActionMask = 2147483647;
			files = (
			);
			runOnlyForDeploymentPostprocessing = 0;
		};
/* End PBXResourcesBuildPhase section */

/* Begin PBXSourcesBuildPhase section */
		73C54EA225BBE5A100068F69 /* Sources */ = {
			isa = PBXSourcesBuildPhase;
			buildActionMask = 2147483647;
			files = (
				73E4ED5225BC26B600409486 /* ForegroundColor.swift in Sources */,
				73C54EDE25BBE6CF00068F69 /* RowBackground.swift in Sources */,
				737BE71025C830EB003B6A3C /* IfModifier.swift in Sources */,
				737BE72925C98034003B6A3C /* ClickModifier.swift in Sources */,
				733BEAC425C6535D003E70CB /* SwiftUIList.swift in Sources */,
				73C54EE625BBE6CF00068F69 /* Namespace.swift in Sources */,
				73C54EE825BBE6CF00068F69 /* List1.swift in Sources */,
				73C54EE425BBE6CF00068F69 /* RowSeparator.swift in Sources */,
				73C54EE025BBE6CF00068F69 /* ContextMenu.swift in Sources */,
				737BE70525C801ED003B6A3C /* ClickReceiver.swift in Sources */,
				737BE72225C8392D003B6A3C /* ClickReceiver_iOS.swift in Sources */,
				73C54EF225BBE6CF00068F69 /* Configuration.swift in Sources */,
				733BEACF25C65F9E003E70CB /* List1Demo.swift in Sources */,
				73A6BB9625CAD1C600B95F3F /* OnChange.swift in Sources */,
				737A00D725C050B90049B763 /* Shared.swift in Sources */,
				73AFE79325D1801F001324AE /* List2Demo.swift in Sources */,
				73AFE77C25D17BF0001324AE /* List2.swift in Sources */,
				73AFE77625D17BF0001324AE /* OpenTrigger.swift in Sources */,
				73C54EB225BBE5A100068F69 /* XPListExampleApp.swift in Sources */,
				737BE71D25C83812003B6A3C /* ClickReceiver_mac.swift in Sources */,
				73C54EEC25BBE6CF00068F69 /* EditMode.swift in Sources */,
				73C54EEA25BBE6CF00068F69 /* Accessory.swift in Sources */,
			);
			runOnlyForDeploymentPostprocessing = 0;
		};
		73C54EAA25BBE5A100068F69 /* Sources */ = {
			isa = PBXSourcesBuildPhase;
			buildActionMask = 2147483647;
			files = (
				73E4ED5325BC26B600409486 /* ForegroundColor.swift in Sources */,
				73C54EDF25BBE6CF00068F69 /* RowBackground.swift in Sources */,
				737BE71125C830EB003B6A3C /* IfModifier.swift in Sources */,
				737BE72A25C98034003B6A3C /* ClickModifier.swift in Sources */,
				733BEAC525C6535D003E70CB /* SwiftUIList.swift in Sources */,
				73C54EE725BBE6CF00068F69 /* Namespace.swift in Sources */,
				73C54EE925BBE6CF00068F69 /* List1.swift in Sources */,
				73C54EE525BBE6CF00068F69 /* RowSeparator.swift in Sources */,
				73C54EE125BBE6CF00068F69 /* ContextMenu.swift in Sources */,
				737BE70625C801ED003B6A3C /* ClickReceiver.swift in Sources */,
				737BE72325C8392D003B6A3C /* ClickReceiver_iOS.swift in Sources */,
				73C54EF325BBE6CF00068F69 /* Configuration.swift in Sources */,
				733BEAD025C65F9E003E70CB /* List1Demo.swift in Sources */,
				73A6BB9725CAD1C600B95F3F /* OnChange.swift in Sources */,
				737A00D825C050B90049B763 /* Shared.swift in Sources */,
				73AFE79425D1801F001324AE /* List2Demo.swift in Sources */,
				73AFE77D25D17BF0001324AE /* List2.swift in Sources */,
				73AFE77725D17BF0001324AE /* OpenTrigger.swift in Sources */,
				73C54EB325BBE5A100068F69 /* XPListExampleApp.swift in Sources */,
				737BE71E25C83812003B6A3C /* ClickReceiver_mac.swift in Sources */,
				73C54EED25BBE6CF00068F69 /* EditMode.swift in Sources */,
				73C54EEB25BBE6CF00068F69 /* Accessory.swift in Sources */,
			);
			runOnlyForDeploymentPostprocessing = 0;
		};
/* End PBXSourcesBuildPhase section */

/* Begin XCBuildConfiguration section */
		73C54EB825BBE5A100068F69 /* Debug */ = {
			isa = XCBuildConfiguration;
			buildSettings = {
				ALWAYS_SEARCH_USER_PATHS = NO;
				CLANG_ANALYZER_NONNULL = YES;
				CLANG_ANALYZER_NUMBER_OBJECT_CONVERSION = YES_AGGRESSIVE;
				CLANG_CXX_LANGUAGE_STANDARD = "gnu++14";
				CLANG_CXX_LIBRARY = "libc++";
				CLANG_ENABLE_MODULES = YES;
				CLANG_ENABLE_OBJC_ARC = YES;
				CLANG_ENABLE_OBJC_WEAK = YES;
				CLANG_WARN_BLOCK_CAPTURE_AUTORELEASING = YES;
				CLANG_WARN_BOOL_CONVERSION = YES;
				CLANG_WARN_COMMA = YES;
				CLANG_WARN_CONSTANT_CONVERSION = YES;
				CLANG_WARN_DEPRECATED_OBJC_IMPLEMENTATIONS = YES;
				CLANG_WARN_DIRECT_OBJC_ISA_USAGE = YES_ERROR;
				CLANG_WARN_DOCUMENTATION_COMMENTS = YES;
				CLANG_WARN_EMPTY_BODY = YES;
				CLANG_WARN_ENUM_CONVERSION = YES;
				CLANG_WARN_INFINITE_RECURSION = YES;
				CLANG_WARN_INT_CONVERSION = YES;
				CLANG_WARN_NON_LITERAL_NULL_CONVERSION = YES;
				CLANG_WARN_OBJC_IMPLICIT_RETAIN_SELF = YES;
				CLANG_WARN_OBJC_LITERAL_CONVERSION = YES;
				CLANG_WARN_OBJC_ROOT_CLASS = YES_ERROR;
				CLANG_WARN_QUOTED_INCLUDE_IN_FRAMEWORK_HEADER = YES;
				CLANG_WARN_RANGE_LOOP_ANALYSIS = YES;
				CLANG_WARN_STRICT_PROTOTYPES = YES;
				CLANG_WARN_SUSPICIOUS_MOVE = YES;
				CLANG_WARN_UNGUARDED_AVAILABILITY = YES_AGGRESSIVE;
				CLANG_WARN_UNREACHABLE_CODE = YES;
				CLANG_WARN__DUPLICATE_METHOD_MATCH = YES;
				COPY_PHASE_STRIP = NO;
				DEBUG_INFORMATION_FORMAT = dwarf;
				ENABLE_STRICT_OBJC_MSGSEND = YES;
				ENABLE_TESTABILITY = YES;
				GCC_C_LANGUAGE_STANDARD = gnu11;
				GCC_DYNAMIC_NO_PIC = NO;
				GCC_NO_COMMON_BLOCKS = YES;
				GCC_OPTIMIZATION_LEVEL = 0;
				GCC_PREPROCESSOR_DEFINITIONS = (
					"DEBUG=1",
					"$(inherited)",
				);
				GCC_WARN_64_TO_32_BIT_CONVERSION = YES;
				GCC_WARN_ABOUT_RETURN_TYPE = YES_ERROR;
				GCC_WARN_UNDECLARED_SELECTOR = YES;
				GCC_WARN_UNINITIALIZED_AUTOS = YES_AGGRESSIVE;
				GCC_WARN_UNUSED_FUNCTION = YES;
				GCC_WARN_UNUSED_VARIABLE = YES;
				MTL_ENABLE_DEBUG_INFO = INCLUDE_SOURCE;
				MTL_FAST_MATH = YES;
				ONLY_ACTIVE_ARCH = YES;
				SWIFT_ACTIVE_COMPILATION_CONDITIONS = DEBUG;
				SWIFT_OPTIMIZATION_LEVEL = "-Onone";
			};
			name = Debug;
		};
		73C54EB925BBE5A100068F69 /* Release */ = {
			isa = XCBuildConfiguration;
			buildSettings = {
				ALWAYS_SEARCH_USER_PATHS = NO;
				CLANG_ANALYZER_NONNULL = YES;
				CLANG_ANALYZER_NUMBER_OBJECT_CONVERSION = YES_AGGRESSIVE;
				CLANG_CXX_LANGUAGE_STANDARD = "gnu++14";
				CLANG_CXX_LIBRARY = "libc++";
				CLANG_ENABLE_MODULES = YES;
				CLANG_ENABLE_OBJC_ARC = YES;
				CLANG_ENABLE_OBJC_WEAK = YES;
				CLANG_WARN_BLOCK_CAPTURE_AUTORELEASING = YES;
				CLANG_WARN_BOOL_CONVERSION = YES;
				CLANG_WARN_COMMA = YES;
				CLANG_WARN_CONSTANT_CONVERSION = YES;
				CLANG_WARN_DEPRECATED_OBJC_IMPLEMENTATIONS = YES;
				CLANG_WARN_DIRECT_OBJC_ISA_USAGE = YES_ERROR;
				CLANG_WARN_DOCUMENTATION_COMMENTS = YES;
				CLANG_WARN_EMPTY_BODY = YES;
				CLANG_WARN_ENUM_CONVERSION = YES;
				CLANG_WARN_INFINITE_RECURSION = YES;
				CLANG_WARN_INT_CONVERSION = YES;
				CLANG_WARN_NON_LITERAL_NULL_CONVERSION = YES;
				CLANG_WARN_OBJC_IMPLICIT_RETAIN_SELF = YES;
				CLANG_WARN_OBJC_LITERAL_CONVERSION = YES;
				CLANG_WARN_OBJC_ROOT_CLASS = YES_ERROR;
				CLANG_WARN_QUOTED_INCLUDE_IN_FRAMEWORK_HEADER = YES;
				CLANG_WARN_RANGE_LOOP_ANALYSIS = YES;
				CLANG_WARN_STRICT_PROTOTYPES = YES;
				CLANG_WARN_SUSPICIOUS_MOVE = YES;
				CLANG_WARN_UNGUARDED_AVAILABILITY = YES_AGGRESSIVE;
				CLANG_WARN_UNREACHABLE_CODE = YES;
				CLANG_WARN__DUPLICATE_METHOD_MATCH = YES;
				COPY_PHASE_STRIP = NO;
				DEBUG_INFORMATION_FORMAT = "dwarf-with-dsym";
				ENABLE_NS_ASSERTIONS = NO;
				ENABLE_STRICT_OBJC_MSGSEND = YES;
				GCC_C_LANGUAGE_STANDARD = gnu11;
				GCC_NO_COMMON_BLOCKS = YES;
				GCC_WARN_64_TO_32_BIT_CONVERSION = YES;
				GCC_WARN_ABOUT_RETURN_TYPE = YES_ERROR;
				GCC_WARN_UNDECLARED_SELECTOR = YES;
				GCC_WARN_UNINITIALIZED_AUTOS = YES_AGGRESSIVE;
				GCC_WARN_UNUSED_FUNCTION = YES;
				GCC_WARN_UNUSED_VARIABLE = YES;
				MTL_ENABLE_DEBUG_INFO = NO;
				MTL_FAST_MATH = YES;
				SWIFT_COMPILATION_MODE = wholemodule;
				SWIFT_OPTIMIZATION_LEVEL = "-O";
			};
			name = Release;
		};
		73C54EBB25BBE5A100068F69 /* Debug */ = {
			isa = XCBuildConfiguration;
			buildSettings = {
				ASSETCATALOG_COMPILER_APPICON_NAME = AppIcon;
				ASSETCATALOG_COMPILER_GLOBAL_ACCENT_COLOR_NAME = AccentColor;
				CODE_SIGN_STYLE = Automatic;
				DEVELOPMENT_TEAM = V6ESYGU6CV;
				ENABLE_PREVIEWS = YES;
				INFOPLIST_FILE = iOS/Info.plist;
				IPHONEOS_DEPLOYMENT_TARGET = 14.0;
				LD_RUNPATH_SEARCH_PATHS = (
					"$(inherited)",
					"@executable_path/Frameworks",
				);
				PRODUCT_BUNDLE_IDENTIFIER = com.saturdayapps.XPListExample;
				PRODUCT_NAME = XPListExample;
				SDKROOT = iphoneos;
				SWIFT_VERSION = 5.0;
				TARGETED_DEVICE_FAMILY = "1,2";
			};
			name = Debug;
		};
		73C54EBC25BBE5A100068F69 /* Release */ = {
			isa = XCBuildConfiguration;
			buildSettings = {
				ASSETCATALOG_COMPILER_APPICON_NAME = AppIcon;
				ASSETCATALOG_COMPILER_GLOBAL_ACCENT_COLOR_NAME = AccentColor;
				CODE_SIGN_STYLE = Automatic;
				DEVELOPMENT_TEAM = V6ESYGU6CV;
				ENABLE_PREVIEWS = YES;
				INFOPLIST_FILE = iOS/Info.plist;
				IPHONEOS_DEPLOYMENT_TARGET = 14.0;
				LD_RUNPATH_SEARCH_PATHS = (
					"$(inherited)",
					"@executable_path/Frameworks",
				);
				PRODUCT_BUNDLE_IDENTIFIER = com.saturdayapps.XPListExample;
				PRODUCT_NAME = XPListExample;
				SDKROOT = iphoneos;
				SWIFT_VERSION = 5.0;
				TARGETED_DEVICE_FAMILY = "1,2";
				VALIDATE_PRODUCT = YES;
			};
			name = Release;
		};
		73C54EBE25BBE5A100068F69 /* Debug */ = {
			isa = XCBuildConfiguration;
			buildSettings = {
				ASSETCATALOG_COMPILER_APPICON_NAME = AppIcon;
				ASSETCATALOG_COMPILER_GLOBAL_ACCENT_COLOR_NAME = AccentColor;
				CODE_SIGN_ENTITLEMENTS = macOS/macOS.entitlements;
				CODE_SIGN_STYLE = Automatic;
				COMBINE_HIDPI_IMAGES = YES;
				DEVELOPMENT_TEAM = V6ESYGU6CV;
				ENABLE_HARDENED_RUNTIME = YES;
				ENABLE_PREVIEWS = YES;
				INFOPLIST_FILE = macOS/Info.plist;
				LD_RUNPATH_SEARCH_PATHS = (
					"$(inherited)",
					"@executable_path/../Frameworks",
				);
				MACOSX_DEPLOYMENT_TARGET = 11.0;
				PRODUCT_BUNDLE_IDENTIFIER = com.saturdayapps.XPListExample;
				PRODUCT_NAME = XPListExample;
				SDKROOT = macosx;
				SWIFT_VERSION = 5.0;
			};
			name = Debug;
		};
		73C54EBF25BBE5A100068F69 /* Release */ = {
			isa = XCBuildConfiguration;
			buildSettings = {
				ASSETCATALOG_COMPILER_APPICON_NAME = AppIcon;
				ASSETCATALOG_COMPILER_GLOBAL_ACCENT_COLOR_NAME = AccentColor;
				CODE_SIGN_ENTITLEMENTS = macOS/macOS.entitlements;
				CODE_SIGN_STYLE = Automatic;
				COMBINE_HIDPI_IMAGES = YES;
				DEVELOPMENT_TEAM = V6ESYGU6CV;
				ENABLE_HARDENED_RUNTIME = YES;
				ENABLE_PREVIEWS = YES;
				INFOPLIST_FILE = macOS/Info.plist;
				LD_RUNPATH_SEARCH_PATHS = (
					"$(inherited)",
					"@executable_path/../Frameworks",
				);
				MACOSX_DEPLOYMENT_TARGET = 11.0;
				PRODUCT_BUNDLE_IDENTIFIER = com.saturdayapps.XPListExample;
				PRODUCT_NAME = XPListExample;
				SDKROOT = macosx;
				SWIFT_VERSION = 5.0;
			};
			name = Release;
		};
/* End XCBuildConfiguration section */

/* Begin XCConfigurationList section */
		73C54E9D25BBE5A100068F69 /* Build configuration list for PBXProject "XPListExample" */ = {
			isa = XCConfigurationList;
			buildConfigurations = (
				73C54EB825BBE5A100068F69 /* Debug */,
				73C54EB925BBE5A100068F69 /* Release */,
			);
			defaultConfigurationIsVisible = 0;
			defaultConfigurationName = Release;
		};
		73C54EBA25BBE5A100068F69 /* Build configuration list for PBXNativeTarget "XPListExample (iOS)" */ = {
			isa = XCConfigurationList;
			buildConfigurations = (
				73C54EBB25BBE5A100068F69 /* Debug */,
				73C54EBC25BBE5A100068F69 /* Release */,
			);
			defaultConfigurationIsVisible = 0;
			defaultConfigurationName = Release;
		};
		73C54EBD25BBE5A100068F69 /* Build configuration list for PBXNativeTarget "XPListExample (macOS)" */ = {
			isa = XCConfigurationList;
			buildConfigurations = (
				73C54EBE25BBE5A100068F69 /* Debug */,
				73C54EBF25BBE5A100068F69 /* Release */,
			);
			defaultConfigurationIsVisible = 0;
			defaultConfigurationName = Release;
		};
/* End XCConfigurationList section */
	};
	rootObject = 73C54E9A25BBE5A100068F69 /* Project object */;
}
